
Microsoft Visual Studio Solution File, Format Version 12.00
# Visual Studio Version 16
VisualStudioVersion = 16.0.29306.81
MinimumVisualStudioVersion = 10.0.40219.1
Project("{FAE04EC0-301F-11D3-BF4B-00C04F79EFBC}") = "Orai munka1018", "Orai munka1018\Orai munka1018.csproj", "{465E23BB-6497-4C6F-913F-36588A2F859F}"
EndProject
Global
	GlobalSection(SolutionConfigurationPlatforms) = preSolution
		Debug|Any CPU = Debug|Any CPU
		Release|Any CPU = Release|Any CPU
	EndGlobalSection
	GlobalSection(ProjectConfigurationPlatforms) = postSolution
		{465E23BB-6497-4C6F-913F-36588A2F859F}.Debug|Any CPU.ActiveCfg = Debug|Any CPU
		{465E23BB-6497-4C6F-913F-36588A2F859F}.Debug|Any CPU.Build.0 = Debug|Any CPU
		{465E23BB-6497-4C6F-913F-36588A2F859F}.Release|Any CPU.ActiveCfg = Release|Any CPU
		{465E23BB-6497-4C6F-913F-36588A2F859F}.Release|Any CPU.Build.0 = Release|Any CPU
	EndGlobalSection
	GlobalSection(SolutionProperties) = preSolution
		HideSolutionNode = FALSE
	EndGlobalSection
	GlobalSection(ExtensibilityGlobals) = postSolution
		SolutionGuid = {D21333F3-EB95-49F7-8202-FEB74F881F02}
	EndGlobalSection
EndGlobal
